
Microsoft Visual Studio Solution File, Format Version 12.00
# Visual Studio Version 17
VisualStudioVersion = 17.3.32819.101
MinimumVisualStudioVersion = 10.0.40219.1
Project("{FAE04EC0-301F-11D3-BF4B-00C04F79EFBC}") = "HW2", "HW2\HW2.csproj", "{F83D7307-B5B7-4B23-8B9A-09D3184E73CE}"
EndProject
Global
	GlobalSection(SolutionConfigurationPlatforms) = preSolution
		Debug|Any CPU = Debug|Any CPU
		Release|Any CPU = Release|Any CPU
	EndGlobalSection
	GlobalSection(ProjectConfigurationPlatforms) = postSolution
		{F83D7307-B5B7-4B23-8B9A-09D3184E73CE}.Debug|Any CPU.ActiveCfg = Debug|Any CPU
		{F83D7307-B5B7-4B23-8B9A-09D3184E73CE}.Debug|Any CPU.Build.0 = Debug|Any CPU
		{F83D7307-B5B7-4B23-8B9A-09D3184E73CE}.Release|Any CPU.ActiveCfg = Release|Any CPU
		{F83D7307-B5B7-4B23-8B9A-09D3184E73CE}.Release|Any CPU.Build.0 = Release|Any CPU
	EndGlobalSection
	GlobalSection(SolutionProperties) = preSolution
		HideSolutionNode = FALSE
	EndGlobalSection
	GlobalSection(ExtensibilityGlobals) = postSolution
		SolutionGuid = {09D98AE2-B10A-4783-A672-742B0AA6DAF8}
	EndGlobalSection
EndGlobal
